
Microsoft Visual Studio Solution File, Format Version 12.00
# Visual Studio Version 17
VisualStudioVersion = 17.2.32526.322
MinimumVisualStudioVersion = 10.0.40219.1
Project("{9A19103F-16F7-4668-BE54-9A1E7A4F7556}") = "PhoneBook.Domain", "PhoneBook.Domain\PhoneBook.Domain.csproj", "{D2EC856D-42C2-4C78-8E6F-8FD97FF61B89}"
EndProject
Project("{9A19103F-16F7-4668-BE54-9A1E7A4F7556}") = "PhoneBook.Application", "PhoneBook.Application\PhoneBook.Application.csproj", "{05CA39EA-B500-4AA4-87DD-99310709DF04}"
EndProject
Project("{9A19103F-16F7-4668-BE54-9A1E7A4F7556}") = "PhoneBook.Infrastucture", "PhoneBook.Infrastucture\PhoneBook.Infrastucture.csproj", "{F82AB92A-DE0B-44D3-9406-8CFC87525278}"
EndProject
Project("{FAE04EC0-301F-11D3-BF4B-00C04F79EFBC}") = "PhoneBook.Web", "PhoneBook.Web\PhoneBook.Web.csproj", "{06626328-7D6A-4602-B77D-5026DB5055BE}"
EndProject
Global
	GlobalSection(SolutionConfigurationPlatforms) = preSolution
		Debug|Any CPU = Debug|Any CPU
		Release|Any CPU = Release|Any CPU
	EndGlobalSection
	GlobalSection(ProjectConfigurationPlatforms) = postSolution
		{D2EC856D-42C2-4C78-8E6F-8FD97FF61B89}.Debug|Any CPU.ActiveCfg = Debug|Any CPU
		{D2EC856D-42C2-4C78-8E6F-8FD97FF61B89}.Debug|Any CPU.Build.0 = Debug|Any CPU
		{D2EC856D-42C2-4C78-8E6F-8FD97FF61B89}.Release|Any CPU.ActiveCfg = Release|Any CPU
		{D2EC856D-42C2-4C78-8E6F-8FD97FF61B89}.Release|Any CPU.Build.0 = Release|Any CPU
		{05CA39EA-B500-4AA4-87DD-99310709DF04}.Debug|Any CPU.ActiveCfg = Debug|Any CPU
		{05CA39EA-B500-4AA4-87DD-99310709DF04}.Debug|Any CPU.Build.0 = Debug|Any CPU
		{05CA39EA-B500-4AA4-87DD-99310709DF04}.Release|Any CPU.ActiveCfg = Release|Any CPU
		{05CA39EA-B500-4AA4-87DD-99310709DF04}.Release|Any CPU.Build.0 = Release|Any CPU
		{F82AB92A-DE0B-44D3-9406-8CFC87525278}.Debug|Any CPU.ActiveCfg = Debug|Any CPU
		{F82AB92A-DE0B-44D3-9406-8CFC87525278}.Debug|Any CPU.Build.0 = Debug|Any CPU
		{F82AB92A-DE0B-44D3-9406-8CFC87525278}.Release|Any CPU.ActiveCfg = Release|Any CPU
		{F82AB92A-DE0B-44D3-9406-8CFC87525278}.Release|Any CPU.Build.0 = Release|Any CPU
		{06626328-7D6A-4602-B77D-5026DB5055BE}.Debug|Any CPU.ActiveCfg = Debug|Any CPU
		{06626328-7D6A-4602-B77D-5026DB5055BE}.Debug|Any CPU.Build.0 = Debug|Any CPU
		{06626328-7D6A-4602-B77D-5026DB5055BE}.Release|Any CPU.ActiveCfg = Release|Any CPU
		{06626328-7D6A-4602-B77D-5026DB5055BE}.Release|Any CPU.Build.0 = Release|Any CPU
	EndGlobalSection
	GlobalSection(SolutionProperties) = preSolution
		HideSolutionNode = FALSE
	EndGlobalSection
	GlobalSection(ExtensibilityGlobals) = postSolution
		SolutionGuid = {12856C7F-42B9-4B17-B264-0C4CC417AAA7}
	EndGlobalSection
EndGlobal
